// !$*UTF8*$!
{
	archiveVersion = 1;
	classes = {
	};
	objectVersion = 55;
	objects = {

/* Begin PBXBuildFile section */
		E7068872280373D60029FA24 /* MovieGroupsTableView.swift in Sources */ = {isa = PBXBuildFile; fileRef = E7068871280373D60029FA24 /* MovieGroupsTableView.swift */; };
		E70688742803744F0029FA24 /* MovieGroupsTableViewCell.swift in Sources */ = {isa = PBXBuildFile; fileRef = E70688732803744F0029FA24 /* MovieGroupsTableViewCell.swift */; };
		E7068876280378DE0029FA24 /* FilterType.swift in Sources */ = {isa = PBXBuildFile; fileRef = E7068875280378DE0029FA24 /* FilterType.swift */; };
		E706887828045C6C0029FA24 /* FilterTabCollectionView.swift in Sources */ = {isa = PBXBuildFile; fileRef = E706887728045C6C0029FA24 /* FilterTabCollectionView.swift */; };
		E706887A2804776F0029FA24 /* MovieGroupCollectionViewCell.swift in Sources */ = {isa = PBXBuildFile; fileRef = E70688792804776F0029FA24 /* MovieGroupCollectionViewCell.swift */; };
		E710FDD327F64E540094F1CA /* MovieListViewController.swift in Sources */ = {isa = PBXBuildFile; fileRef = E710FDD227F64E540094F1CA /* MovieListViewController.swift */; };
		E710FDD627F64F650094F1CA /* MovieAppData in Frameworks */ = {isa = PBXBuildFile; productRef = E710FDD527F64F650094F1CA /* MovieAppData */; };
		E73091DB284255ED0083C455 /* MovieApp.xcdatamodeld in Sources */ = {isa = PBXBuildFile; fileRef = E73091D9284255ED0083C455 /* MovieApp.xcdatamodeld */; };
		E73C35C927F49F6400DAB58D /* AppDelegate.swift in Sources */ = {isa = PBXBuildFile; fileRef = E73C35C827F49F6400DAB58D /* AppDelegate.swift */; };
		E73C35CB27F49F6400DAB58D /* SceneDelegate.swift in Sources */ = {isa = PBXBuildFile; fileRef = E73C35CA27F49F6400DAB58D /* SceneDelegate.swift */; };
		E73C35D227F49F6700DAB58D /* Assets.xcassets in Resources */ = {isa = PBXBuildFile; fileRef = E73C35D127F49F6700DAB58D /* Assets.xcassets */; };
		E73C35D527F49F6700DAB58D /* LaunchScreen.storyboard in Resources */ = {isa = PBXBuildFile; fileRef = E73C35D327F49F6700DAB58D /* LaunchScreen.storyboard */; };
		E73C35E127F4B80800DAB58D /* MovieDetailsViewController.swift in Sources */ = {isa = PBXBuildFile; fileRef = E73C35E027F4B80800DAB58D /* MovieDetailsViewController.swift */; };
		E73C35E427F4B86F00DAB58D /* SnapKit in Frameworks */ = {isa = PBXBuildFile; productRef = E73C35E327F4B86F00DAB58D /* SnapKit */; };
		E79C143928180F00000343F6 /* FavoritesViewController.swift in Sources */ = {isa = PBXBuildFile; fileRef = E79C143828180F00000343F6 /* FavoritesViewController.swift */; };
		E7A4FE0728017C1B00080AAC /* SearchBarView.swift in Sources */ = {isa = PBXBuildFile; fileRef = E7A4FE0628017C1B00080AAC /* SearchBarView.swift */; };
		E7A4FE092801CE5800080AAC /* GroupType.swift in Sources */ = {isa = PBXBuildFile; fileRef = E7A4FE082801CE5800080AAC /* GroupType.swift */; };
		E7A4FE102801DB4200080AAC /* MovieGroupCollectionView.swift in Sources */ = {isa = PBXBuildFile; fileRef = E7A4FE0F2801DB4200080AAC /* MovieGroupCollectionView.swift */; };
		E7A4FE122801E53400080AAC /* MovieListTableView.swift in Sources */ = {isa = PBXBuildFile; fileRef = E7A4FE112801E53400080AAC /* MovieListTableView.swift */; };
		E7A4FE142801E61700080AAC /* MovieListTableViewCell.swift in Sources */ = {isa = PBXBuildFile; fileRef = E7A4FE132801E61700080AAC /* MovieListTableViewCell.swift */; };
		E7AB3E1E2822A4CA003D3FAF /* AppRouter.swift in Sources */ = {isa = PBXBuildFile; fileRef = E7AB3E1D2822A4CA003D3FAF /* AppRouter.swift */; };
		E7AB3E2028231280003D3FAF /* NetworkService.swift in Sources */ = {isa = PBXBuildFile; fileRef = E7AB3E1F28231280003D3FAF /* NetworkService.swift */; };
		E7AB3E2228231BE7003D3FAF /* Model.swift in Sources */ = {isa = PBXBuildFile; fileRef = E7AB3E2128231BE7003D3FAF /* Model.swift */; };
		E7B4DC622842307E00F81C58 /* MoviesRepository.swift in Sources */ = {isa = PBXBuildFile; fileRef = E7B4DC612842307E00F81C58 /* MoviesRepository.swift */; };
		E7B4DC64284230B400F81C58 /* MoviesDatabaseDataSource.swift in Sources */ = {isa = PBXBuildFile; fileRef = E7B4DC63284230B400F81C58 /* MoviesDatabaseDataSource.swift */; };
		E7B4DC66284230FA00F81C58 /* MoviesNetworkDataSource.swift in Sources */ = {isa = PBXBuildFile; fileRef = E7B4DC65284230FA00F81C58 /* MoviesNetworkDataSource.swift */; };
		E7B4DC69284233A400F81C58 /* CoreDataStack.swift in Sources */ = {isa = PBXBuildFile; fileRef = E7B4DC68284233A400F81C58 /* CoreDataStack.swift */; };
		E7B52C8E284355BE00D6340C /* Movie+CoreDataClass.swift in Sources */ = {isa = PBXBuildFile; fileRef = E7B52C88284355BE00D6340C /* Movie+CoreDataClass.swift */; };
		E7B52C8F284355BE00D6340C /* Movie+CoreDataProperties.swift in Sources */ = {isa = PBXBuildFile; fileRef = E7B52C89284355BE00D6340C /* Movie+CoreDataProperties.swift */; };
		E7B52C90284355BE00D6340C /* MovieGenre+CoreDataClass.swift in Sources */ = {isa = PBXBuildFile; fileRef = E7B52C8A284355BE00D6340C /* MovieGenre+CoreDataClass.swift */; };
		E7B52C91284355BE00D6340C /* MovieGenre+CoreDataProperties.swift in Sources */ = {isa = PBXBuildFile; fileRef = E7B52C8B284355BE00D6340C /* MovieGenre+CoreDataProperties.swift */; };
		E7B52C92284355BE00D6340C /* MovieGroup+CoreDataClass.swift in Sources */ = {isa = PBXBuildFile; fileRef = E7B52C8C284355BE00D6340C /* MovieGroup+CoreDataClass.swift */; };
		E7B52C93284355BE00D6340C /* MovieGroup+CoreDataProperties.swift in Sources */ = {isa = PBXBuildFile; fileRef = E7B52C8D284355BE00D6340C /* MovieGroup+CoreDataProperties.swift */; };
		E7B52C9828437D0E00D6340C /* FavoritesCollectionView.swift in Sources */ = {isa = PBXBuildFile; fileRef = E7B52C9728437D0E00D6340C /* FavoritesCollectionView.swift */; };
		E7B52C9A28437DF700D6340C /* FavoritesCollectionViewCell.swift in Sources */ = {isa = PBXBuildFile; fileRef = E7B52C9928437DF700D6340C /* FavoritesCollectionViewCell.swift */; };
		E7EE7AE328241833000B95E8 /* MovieViewModel.swift in Sources */ = {isa = PBXBuildFile; fileRef = E7EE7AE228241833000B95E8 /* MovieViewModel.swift */; };
		E7EE7AE528247A44000B95E8 /* FilterTabCollectionViewCell.swift in Sources */ = {isa = PBXBuildFile; fileRef = E7EE7AE428247A44000B95E8 /* FilterTabCollectionViewCell.swift */; };
/* End PBXBuildFile section */

/* Begin PBXFileReference section */
		E7068871280373D60029FA24 /* MovieGroupsTableView.swift */ = {isa = PBXFileReference; lastKnownFileType = sourcecode.swift; path = MovieGroupsTableView.swift; sourceTree = "<group>"; };
		E70688732803744F0029FA24 /* MovieGroupsTableViewCell.swift */ = {isa = PBXFileReference; lastKnownFileType = sourcecode.swift; path = MovieGroupsTableViewCell.swift; sourceTree = "<group>"; };
		E7068875280378DE0029FA24 /* FilterType.swift */ = {isa = PBXFileReference; lastKnownFileType = sourcecode.swift; path = FilterType.swift; sourceTree = "<group>"; };
		E706887728045C6C0029FA24 /* FilterTabCollectionView.swift */ = {isa = PBXFileReference; lastKnownFileType = sourcecode.swift; path = FilterTabCollectionView.swift; sourceTree = "<group>"; };
		E70688792804776F0029FA24 /* MovieGroupCollectionViewCell.swift */ = {isa = PBXFileReference; lastKnownFileType = sourcecode.swift; path = MovieGroupCollectionViewCell.swift; sourceTree = "<group>"; };
		E710FDD227F64E540094F1CA /* MovieListViewController.swift */ = {isa = PBXFileReference; lastKnownFileType = sourcecode.swift; path = MovieListViewController.swift; sourceTree = "<group>"; };
		E73091DA284255ED0083C455 /* MovieApp.xcdatamodel */ = {isa = PBXFileReference; lastKnownFileType = wrapper.xcdatamodel; path = MovieApp.xcdatamodel; sourceTree = "<group>"; };
		E73C35C527F49F6400DAB58D /* MovieApp.app */ = {isa = PBXFileReference; explicitFileType = wrapper.application; includeInIndex = 0; path = MovieApp.app; sourceTree = BUILT_PRODUCTS_DIR; };
		E73C35C827F49F6400DAB58D /* AppDelegate.swift */ = {isa = PBXFileReference; lastKnownFileType = sourcecode.swift; path = AppDelegate.swift; sourceTree = "<group>"; };
		E73C35CA27F49F6400DAB58D /* SceneDelegate.swift */ = {isa = PBXFileReference; lastKnownFileType = sourcecode.swift; path = SceneDelegate.swift; sourceTree = "<group>"; };
		E73C35D127F49F6700DAB58D /* Assets.xcassets */ = {isa = PBXFileReference; lastKnownFileType = folder.assetcatalog; path = Assets.xcassets; sourceTree = "<group>"; };
		E73C35D427F49F6700DAB58D /* Base */ = {isa = PBXFileReference; lastKnownFileType = file.storyboard; name = Base; path = Base.lproj/LaunchScreen.storyboard; sourceTree = "<group>"; };
		E73C35D627F49F6700DAB58D /* Info.plist */ = {isa = PBXFileReference; lastKnownFileType = text.plist.xml; path = Info.plist; sourceTree = "<group>"; };
		E73C35E027F4B80800DAB58D /* MovieDetailsViewController.swift */ = {isa = PBXFileReference; lastKnownFileType = sourcecode.swift; path = MovieDetailsViewController.swift; sourceTree = "<group>"; };
		E79C143828180F00000343F6 /* FavoritesViewController.swift */ = {isa = PBXFileReference; lastKnownFileType = sourcecode.swift; path = FavoritesViewController.swift; sourceTree = "<group>"; };
		E7A4FE0628017C1B00080AAC /* SearchBarView.swift */ = {isa = PBXFileReference; lastKnownFileType = sourcecode.swift; path = SearchBarView.swift; sourceTree = "<group>"; };
		E7A4FE082801CE5800080AAC /* GroupType.swift */ = {isa = PBXFileReference; lastKnownFileType = sourcecode.swift; path = GroupType.swift; sourceTree = "<group>"; };
		E7A4FE0F2801DB4200080AAC /* MovieGroupCollectionView.swift */ = {isa = PBXFileReference; lastKnownFileType = sourcecode.swift; path = MovieGroupCollectionView.swift; sourceTree = "<group>"; };
		E7A4FE112801E53400080AAC /* MovieListTableView.swift */ = {isa = PBXFileReference; lastKnownFileType = sourcecode.swift; path = MovieListTableView.swift; sourceTree = "<group>"; };
		E7A4FE132801E61700080AAC /* MovieListTableViewCell.swift */ = {isa = PBXFileReference; lastKnownFileType = sourcecode.swift; path = MovieListTableViewCell.swift; sourceTree = "<group>"; };
		E7AB3E1D2822A4CA003D3FAF /* AppRouter.swift */ = {isa = PBXFileReference; lastKnownFileType = sourcecode.swift; path = AppRouter.swift; sourceTree = "<group>"; };
		E7AB3E1F28231280003D3FAF /* NetworkService.swift */ = {isa = PBXFileReference; lastKnownFileType = sourcecode.swift; path = NetworkService.swift; sourceTree = "<group>"; };
		E7AB3E2128231BE7003D3FAF /* Model.swift */ = {isa = PBXFileReference; lastKnownFileType = sourcecode.swift; path = Model.swift; sourceTree = "<group>"; };
		E7B4DC612842307E00F81C58 /* MoviesRepository.swift */ = {isa = PBXFileReference; lastKnownFileType = sourcecode.swift; path = MoviesRepository.swift; sourceTree = "<group>"; };
		E7B4DC63284230B400F81C58 /* MoviesDatabaseDataSource.swift */ = {isa = PBXFileReference; lastKnownFileType = sourcecode.swift; path = MoviesDatabaseDataSource.swift; sourceTree = "<group>"; };
		E7B4DC65284230FA00F81C58 /* MoviesNetworkDataSource.swift */ = {isa = PBXFileReference; lastKnownFileType = sourcecode.swift; path = MoviesNetworkDataSource.swift; sourceTree = "<group>"; };
		E7B4DC68284233A400F81C58 /* CoreDataStack.swift */ = {isa = PBXFileReference; lastKnownFileType = sourcecode.swift; path = CoreDataStack.swift; sourceTree = "<group>"; };
		E7B52C88284355BE00D6340C /* Movie+CoreDataClass.swift */ = {isa = PBXFileReference; lastKnownFileType = sourcecode.swift; path = "Movie+CoreDataClass.swift"; sourceTree = "<group>"; };
		E7B52C89284355BE00D6340C /* Movie+CoreDataProperties.swift */ = {isa = PBXFileReference; lastKnownFileType = sourcecode.swift; path = "Movie+CoreDataProperties.swift"; sourceTree = "<group>"; };
		E7B52C8A284355BE00D6340C /* MovieGenre+CoreDataClass.swift */ = {isa = PBXFileReference; lastKnownFileType = sourcecode.swift; path = "MovieGenre+CoreDataClass.swift"; sourceTree = "<group>"; };
		E7B52C8B284355BE00D6340C /* MovieGenre+CoreDataProperties.swift */ = {isa = PBXFileReference; lastKnownFileType = sourcecode.swift; path = "MovieGenre+CoreDataProperties.swift"; sourceTree = "<group>"; };
		E7B52C8C284355BE00D6340C /* MovieGroup+CoreDataClass.swift */ = {isa = PBXFileReference; lastKnownFileType = sourcecode.swift; path = "MovieGroup+CoreDataClass.swift"; sourceTree = "<group>"; };
		E7B52C8D284355BE00D6340C /* MovieGroup+CoreDataProperties.swift */ = {isa = PBXFileReference; lastKnownFileType = sourcecode.swift; path = "MovieGroup+CoreDataProperties.swift"; sourceTree = "<group>"; };
		E7B52C9728437D0E00D6340C /* FavoritesCollectionView.swift */ = {isa = PBXFileReference; lastKnownFileType = sourcecode.swift; path = FavoritesCollectionView.swift; sourceTree = "<group>"; };
		E7B52C9928437DF700D6340C /* FavoritesCollectionViewCell.swift */ = {isa = PBXFileReference; lastKnownFileType = sourcecode.swift; path = FavoritesCollectionViewCell.swift; sourceTree = "<group>"; };
		E7EE7AE228241833000B95E8 /* MovieViewModel.swift */ = {isa = PBXFileReference; lastKnownFileType = sourcecode.swift; path = MovieViewModel.swift; sourceTree = "<group>"; };
		E7EE7AE428247A44000B95E8 /* FilterTabCollectionViewCell.swift */ = {isa = PBXFileReference; lastKnownFileType = sourcecode.swift; path = FilterTabCollectionViewCell.swift; sourceTree = "<group>"; };
/* End PBXFileReference section */

/* Begin PBXFrameworksBuildPhase section */
		E73C35C227F49F6400DAB58D /* Frameworks */ = {
			isa = PBXFrameworksBuildPhase;
			buildActionMask = 2147483647;
			files = (
				E73C35E427F4B86F00DAB58D /* SnapKit in Frameworks */,
				E710FDD627F64F650094F1CA /* MovieAppData in Frameworks */,
			);
			runOnlyForDeploymentPostprocessing = 0;
		};
/* End PBXFrameworksBuildPhase section */

/* Begin PBXGroup section */
		E73C35BC27F49F6400DAB58D = {
			isa = PBXGroup;
			children = (
				E7B52C88284355BE00D6340C /* Movie+CoreDataClass.swift */,
				E7B52C89284355BE00D6340C /* Movie+CoreDataProperties.swift */,
				E7B52C8A284355BE00D6340C /* MovieGenre+CoreDataClass.swift */,
				E7B52C8B284355BE00D6340C /* MovieGenre+CoreDataProperties.swift */,
				E7B52C8C284355BE00D6340C /* MovieGroup+CoreDataClass.swift */,
				E7B52C8D284355BE00D6340C /* MovieGroup+CoreDataProperties.swift */,
				E73C35C727F49F6400DAB58D /* MovieApp */,
				E73C35C627F49F6400DAB58D /* Products */,
			);
			sourceTree = "<group>";
		};
		E73C35C627F49F6400DAB58D /* Products */ = {
			isa = PBXGroup;
			children = (
				E73C35C527F49F6400DAB58D /* MovieApp.app */,
			);
			name = Products;
			sourceTree = "<group>";
		};
		E73C35C727F49F6400DAB58D /* MovieApp */ = {
			isa = PBXGroup;
			children = (
				E7B4DC672842338E00F81C58 /* CoreData */,
				E79C143A28180F20000343F6 /* Controllers */,
				E7A4FE0C2801D97700080AAC /* Cells */,
				E7A4FE0528017BE300080AAC /* Views */,
				E73C35CA27F49F6400DAB58D /* SceneDelegate.swift */,
				E73C35C827F49F6400DAB58D /* AppDelegate.swift */,
				E7AB3E1D2822A4CA003D3FAF /* AppRouter.swift */,
				E7AB3E1F28231280003D3FAF /* NetworkService.swift */,
				E7AB3E2128231BE7003D3FAF /* Model.swift */,
				E7EE7AE228241833000B95E8 /* MovieViewModel.swift */,
				E73C35D127F49F6700DAB58D /* Assets.xcassets */,
				E73C35D327F49F6700DAB58D /* LaunchScreen.storyboard */,
				E73C35D627F49F6700DAB58D /* Info.plist */,
			);
			path = MovieApp;
			sourceTree = "<group>";
		};
		E79C143A28180F20000343F6 /* Controllers */ = {
			isa = PBXGroup;
			children = (
				E79C143828180F00000343F6 /* FavoritesViewController.swift */,
				E710FDD227F64E540094F1CA /* MovieListViewController.swift */,
				E73C35E027F4B80800DAB58D /* MovieDetailsViewController.swift */,
			);
			path = Controllers;
			sourceTree = "<group>";
		};
		E7A4FE0528017BE300080AAC /* Views */ = {
			isa = PBXGroup;
			children = (
				E7A4FE0628017C1B00080AAC /* SearchBarView.swift */,
				E7A4FE082801CE5800080AAC /* GroupType.swift */,
				E7A4FE0F2801DB4200080AAC /* MovieGroupCollectionView.swift */,
				E7A4FE112801E53400080AAC /* MovieListTableView.swift */,
				E7068871280373D60029FA24 /* MovieGroupsTableView.swift */,
				E7068875280378DE0029FA24 /* FilterType.swift */,
				E706887728045C6C0029FA24 /* FilterTabCollectionView.swift */,
				E7B52C9728437D0E00D6340C /* FavoritesCollectionView.swift */,
			);
			path = Views;
			sourceTree = "<group>";
		};
		E7A4FE0C2801D97700080AAC /* Cells */ = {
			isa = PBXGroup;
			children = (
				E7A4FE132801E61700080AAC /* MovieListTableViewCell.swift */,
				E70688732803744F0029FA24 /* MovieGroupsTableViewCell.swift */,
				E70688792804776F0029FA24 /* MovieGroupCollectionViewCell.swift */,
				E7EE7AE428247A44000B95E8 /* FilterTabCollectionViewCell.swift */,
				E7B52C9928437DF700D6340C /* FavoritesCollectionViewCell.swift */,
			);
			path = Cells;
			sourceTree = "<group>";
		};
		E7B4DC5E2842303900F81C58 /* Database */ = {
			isa = PBXGroup;
			children = (
				E7B4DC612842307E00F81C58 /* MoviesRepository.swift */,
				E7B4DC63284230B400F81C58 /* MoviesDatabaseDataSource.swift */,
				E7B4DC65284230FA00F81C58 /* MoviesNetworkDataSource.swift */,
			);
			path = Database;
			sourceTree = "<group>";
		};
		E7B4DC672842338E00F81C58 /* CoreData */ = {
			isa = PBXGroup;
			children = (
				E7B4DC5E2842303900F81C58 /* Database */,
				E7B4DC68284233A400F81C58 /* CoreDataStack.swift */,
				E73091D9284255ED0083C455 /* MovieApp.xcdatamodeld */,
			);
			path = CoreData;
			sourceTree = "<group>";
		};
/* End PBXGroup section */

/* Begin PBXNativeTarget section */
		E73C35C427F49F6400DAB58D /* MovieApp */ = {
			isa = PBXNativeTarget;
			buildConfigurationList = E73C35D927F49F6700DAB58D /* Build configuration list for PBXNativeTarget "MovieApp" */;
			buildPhases = (
				E73C35C127F49F6400DAB58D /* Sources */,
				E73C35C227F49F6400DAB58D /* Frameworks */,
				E73C35C327F49F6400DAB58D /* Resources */,
			);
			buildRules = (
			);
			dependencies = (
			);
			name = MovieApp;
			packageProductDependencies = (
				E73C35E327F4B86F00DAB58D /* SnapKit */,
				E710FDD527F64F650094F1CA /* MovieAppData */,
			);
			productName = MovieApp;
			productReference = E73C35C527F49F6400DAB58D /* MovieApp.app */;
			productType = "com.apple.product-type.application";
		};
/* End PBXNativeTarget section */

/* Begin PBXProject section */
		E73C35BD27F49F6400DAB58D /* Project object */ = {
			isa = PBXProject;
			attributes = {
				BuildIndependentTargetsInParallel = 1;
				LastSwiftUpdateCheck = 1320;
				LastUpgradeCheck = 1320;
				TargetAttributes = {
					E73C35C427F49F6400DAB58D = {
						CreatedOnToolsVersion = 13.2.1;
					};
				};
			};
			buildConfigurationList = E73C35C027F49F6400DAB58D /* Build configuration list for PBXProject "MovieApp" */;
			compatibilityVersion = "Xcode 13.0";
			developmentRegion = en;
			hasScannedForEncodings = 0;
			knownRegions = (
				en,
				Base,
			);
			mainGroup = E73C35BC27F49F6400DAB58D;
			packageReferences = (
				E73C35E227F4B86F00DAB58D /* XCRemoteSwiftPackageReference "SnapKit" */,
				E710FDD427F64F650094F1CA /* XCRemoteSwiftPackageReference "MovieAppData" */,
			);
			productRefGroup = E73C35C627F49F6400DAB58D /* Products */;
			projectDirPath = "";
			projectRoot = "";
			targets = (
				E73C35C427F49F6400DAB58D /* MovieApp */,
			);
		};
/* End PBXProject section */

/* Begin PBXResourcesBuildPhase section */
		E73C35C327F49F6400DAB58D /* Resources */ = {
			isa = PBXResourcesBuildPhase;
			buildActionMask = 2147483647;
			files = (
				E73C35D527F49F6700DAB58D /* LaunchScreen.storyboard in Resources */,
				E73C35D227F49F6700DAB58D /* Assets.xcassets in Resources */,
			);
			runOnlyForDeploymentPostprocessing = 0;
		};
/* End PBXResourcesBuildPhase section */

/* Begin PBXSourcesBuildPhase section */
		E73C35C127F49F6400DAB58D /* Sources */ = {
			isa = PBXSourcesBuildPhase;
			buildActionMask = 2147483647;
			files = (
				E7EE7AE528247A44000B95E8 /* FilterTabCollectionViewCell.swift in Sources */,
				E7B4DC622842307E00F81C58 /* MoviesRepository.swift in Sources */,
				E7B52C90284355BE00D6340C /* MovieGenre+CoreDataClass.swift in Sources */,
				E706887828045C6C0029FA24 /* FilterTabCollectionView.swift in Sources */,
				E706887A2804776F0029FA24 /* MovieGroupCollectionViewCell.swift in Sources */,
				E73091DB284255ED0083C455 /* MovieApp.xcdatamodeld in Sources */,
				E7AB3E2228231BE7003D3FAF /* Model.swift in Sources */,
				E7A4FE0728017C1B00080AAC /* SearchBarView.swift in Sources */,
				E7A4FE102801DB4200080AAC /* MovieGroupCollectionView.swift in Sources */,
				E70688742803744F0029FA24 /* MovieGroupsTableViewCell.swift in Sources */,
				E7B4DC64284230B400F81C58 /* MoviesDatabaseDataSource.swift in Sources */,
				E7AB3E2028231280003D3FAF /* NetworkService.swift in Sources */,
				E7EE7AE328241833000B95E8 /* MovieViewModel.swift in Sources */,
				E73C35C927F49F6400DAB58D /* AppDelegate.swift in Sources */,
				E7A4FE122801E53400080AAC /* MovieListTableView.swift in Sources */,
				E7A4FE142801E61700080AAC /* MovieListTableViewCell.swift in Sources */,
				E73C35CB27F49F6400DAB58D /* SceneDelegate.swift in Sources */,
				E7B4DC69284233A400F81C58 /* CoreDataStack.swift in Sources */,
				E7B52C9828437D0E00D6340C /* FavoritesCollectionView.swift in Sources */,
				E7A4FE092801CE5800080AAC /* GroupType.swift in Sources */,
				E7B52C8E284355BE00D6340C /* Movie+CoreDataClass.swift in Sources */,
				E73C35E127F4B80800DAB58D /* MovieDetailsViewController.swift in Sources */,
				E7B52C91284355BE00D6340C /* MovieGenre+CoreDataProperties.swift in Sources */,
				E7B52C9A28437DF700D6340C /* FavoritesCollectionViewCell.swift in Sources */,
				E7068872280373D60029FA24 /* MovieGroupsTableView.swift in Sources */,
				E7AB3E1E2822A4CA003D3FAF /* AppRouter.swift in Sources */,
				E7B52C8F284355BE00D6340C /* Movie+CoreDataProperties.swift in Sources */,
				E7B4DC66284230FA00F81C58 /* MoviesNetworkDataSource.swift in Sources */,
				E710FDD327F64E540094F1CA /* MovieListViewController.swift in Sources */,
				E79C143928180F00000343F6 /* FavoritesViewController.swift in Sources */,
				E7B52C92284355BE00D6340C /* MovieGroup+CoreDataClass.swift in Sources */,
				E7B52C93284355BE00D6340C /* MovieGroup+CoreDataProperties.swift in Sources */,
				E7068876280378DE0029FA24 /* FilterType.swift in Sources */,
			);
			runOnlyForDeploymentPostprocessing = 0;
		};
/* End PBXSourcesBuildPhase section */

/* Begin PBXVariantGroup section */
		E73C35D327F49F6700DAB58D /* LaunchScreen.storyboard */ = {
			isa = PBXVariantGroup;
			children = (
				E73C35D427F49F6700DAB58D /* Base */,
			);
			name = LaunchScreen.storyboard;
			sourceTree = "<group>";
		};
/* End PBXVariantGroup section */

/* Begin XCBuildConfiguration section */
		E73C35D727F49F6700DAB58D /* Debug */ = {
			isa = XCBuildConfiguration;
			buildSettings = {
				ALWAYS_SEARCH_USER_PATHS = NO;
				CLANG_ANALYZER_NONNULL = YES;
				CLANG_ANALYZER_NUMBER_OBJECT_CONVERSION = YES_AGGRESSIVE;
				CLANG_CXX_LANGUAGE_STANDARD = "gnu++17";
				CLANG_CXX_LIBRARY = "libc++";
				CLANG_ENABLE_MODULES = YES;
				CLANG_ENABLE_OBJC_ARC = YES;
				CLANG_ENABLE_OBJC_WEAK = YES;
				CLANG_WARN_BLOCK_CAPTURE_AUTORELEASING = YES;
				CLANG_WARN_BOOL_CONVERSION = YES;
				CLANG_WARN_COMMA = YES;
				CLANG_WARN_CONSTANT_CONVERSION = YES;
				CLANG_WARN_DEPRECATED_OBJC_IMPLEMENTATIONS = YES;
				CLANG_WARN_DIRECT_OBJC_ISA_USAGE = YES_ERROR;
				CLANG_WARN_DOCUMENTATION_COMMENTS = YES;
				CLANG_WARN_EMPTY_BODY = YES;
				CLANG_WARN_ENUM_CONVERSION = YES;
				CLANG_WARN_INFINITE_RECURSION = YES;
				CLANG_WARN_INT_CONVERSION = YES;
				CLANG_WARN_NON_LITERAL_NULL_CONVERSION = YES;
				CLANG_WARN_OBJC_IMPLICIT_RETAIN_SELF = YES;
				CLANG_WARN_OBJC_LITERAL_CONVERSION = YES;
				CLANG_WARN_OBJC_ROOT_CLASS = YES_ERROR;
				CLANG_WARN_QUOTED_INCLUDE_IN_FRAMEWORK_HEADER = YES;
				CLANG_WARN_RANGE_LOOP_ANALYSIS = YES;
				CLANG_WARN_STRICT_PROTOTYPES = YES;
				CLANG_WARN_SUSPICIOUS_MOVE = YES;
				CLANG_WARN_UNGUARDED_AVAILABILITY = YES_AGGRESSIVE;
				CLANG_WARN_UNREACHABLE_CODE = YES;
				CLANG_WARN__DUPLICATE_METHOD_MATCH = YES;
				COPY_PHASE_STRIP = NO;
				DEBUG_INFORMATION_FORMAT = dwarf;
				ENABLE_STRICT_OBJC_MSGSEND = YES;
				ENABLE_TESTABILITY = YES;
				GCC_C_LANGUAGE_STANDARD = gnu11;
				GCC_DYNAMIC_NO_PIC = NO;
				GCC_NO_COMMON_BLOCKS = YES;
				GCC_OPTIMIZATION_LEVEL = 0;
				GCC_PREPROCESSOR_DEFINITIONS = (
					"DEBUG=1",
					"$(inherited)",
				);
				GCC_WARN_64_TO_32_BIT_CONVERSION = YES;
				GCC_WARN_ABOUT_RETURN_TYPE = YES_ERROR;
				GCC_WARN_UNDECLARED_SELECTOR = YES;
				GCC_WARN_UNINITIALIZED_AUTOS = YES_AGGRESSIVE;
				GCC_WARN_UNUSED_FUNCTION = YES;
				GCC_WARN_UNUSED_VARIABLE = YES;
				IPHONEOS_DEPLOYMENT_TARGET = 15.2;
				MTL_ENABLE_DEBUG_INFO = INCLUDE_SOURCE;
				MTL_FAST_MATH = YES;
				ONLY_ACTIVE_ARCH = YES;
				SDKROOT = iphoneos;
				SWIFT_ACTIVE_COMPILATION_CONDITIONS = DEBUG;
				SWIFT_OPTIMIZATION_LEVEL = "-Onone";
			};
			name = Debug;
		};
		E73C35D827F49F6700DAB58D /* Release */ = {
			isa = XCBuildConfiguration;
			buildSettings = {
				ALWAYS_SEARCH_USER_PATHS = NO;
				CLANG_ANALYZER_NONNULL = YES;
				CLANG_ANALYZER_NUMBER_OBJECT_CONVERSION = YES_AGGRESSIVE;
				CLANG_CXX_LANGUAGE_STANDARD = "gnu++17";
				CLANG_CXX_LIBRARY = "libc++";
				CLANG_ENABLE_MODULES = YES;
				CLANG_ENABLE_OBJC_ARC = YES;
				CLANG_ENABLE_OBJC_WEAK = YES;
				CLANG_WARN_BLOCK_CAPTURE_AUTORELEASING = YES;
				CLANG_WARN_BOOL_CONVERSION = YES;
				CLANG_WARN_COMMA = YES;
				CLANG_WARN_CONSTANT_CONVERSION = YES;
				CLANG_WARN_DEPRECATED_OBJC_IMPLEMENTATIONS = YES;
				CLANG_WARN_DIRECT_OBJC_ISA_USAGE = YES_ERROR;
				CLANG_WARN_DOCUMENTATION_COMMENTS = YES;
				CLANG_WARN_EMPTY_BODY = YES;
				CLANG_WARN_ENUM_CONVERSION = YES;
				CLANG_WARN_INFINITE_RECURSION = YES;
				CLANG_WARN_INT_CONVERSION = YES;
				CLANG_WARN_NON_LITERAL_NULL_CONVERSION = YES;
				CLANG_WARN_OBJC_IMPLICIT_RETAIN_SELF = YES;
				CLANG_WARN_OBJC_LITERAL_CONVERSION = YES;
				CLANG_WARN_OBJC_ROOT_CLASS = YES_ERROR;
				CLANG_WARN_QUOTED_INCLUDE_IN_FRAMEWORK_HEADER = YES;
				CLANG_WARN_RANGE_LOOP_ANALYSIS = YES;
				CLANG_WARN_STRICT_PROTOTYPES = YES;
				CLANG_WARN_SUSPICIOUS_MOVE = YES;
				CLANG_WARN_UNGUARDED_AVAILABILITY = YES_AGGRESSIVE;
				CLANG_WARN_UNREACHABLE_CODE = YES;
				CLANG_WARN__DUPLICATE_METHOD_MATCH = YES;
				COPY_PHASE_STRIP = NO;
				DEBUG_INFORMATION_FORMAT = "dwarf-with-dsym";
				ENABLE_NS_ASSERTIONS = NO;
				ENABLE_STRICT_OBJC_MSGSEND = YES;
				GCC_C_LANGUAGE_STANDARD = gnu11;
				GCC_NO_COMMON_BLOCKS = YES;
				GCC_WARN_64_TO_32_BIT_CONVERSION = YES;
				GCC_WARN_ABOUT_RETURN_TYPE = YES_ERROR;
				GCC_WARN_UNDECLARED_SELECTOR = YES;
				GCC_WARN_UNINITIALIZED_AUTOS = YES_AGGRESSIVE;
				GCC_WARN_UNUSED_FUNCTION = YES;
				GCC_WARN_UNUSED_VARIABLE = YES;
				IPHONEOS_DEPLOYMENT_TARGET = 15.2;
				MTL_ENABLE_DEBUG_INFO = NO;
				MTL_FAST_MATH = YES;
				SDKROOT = iphoneos;
				SWIFT_COMPILATION_MODE = wholemodule;
				SWIFT_OPTIMIZATION_LEVEL = "-O";
				VALIDATE_PRODUCT = YES;
			};
			name = Release;
		};
		E73C35DA27F49F6700DAB58D /* Debug */ = {
			isa = XCBuildConfiguration;
			buildSettings = {
				ASSETCATALOG_COMPILER_APPICON_NAME = AppIcon;
				ASSETCATALOG_COMPILER_GLOBAL_ACCENT_COLOR_NAME = AccentColor;
				CODE_SIGN_STYLE = Automatic;
				CURRENT_PROJECT_VERSION = 1;
				GENERATE_INFOPLIST_FILE = YES;
				INFOPLIST_FILE = MovieApp/Info.plist;
				INFOPLIST_KEY_UIApplicationSupportsIndirectInputEvents = YES;
				INFOPLIST_KEY_UILaunchStoryboardName = LaunchScreen;
				INFOPLIST_KEY_UISupportedInterfaceOrientations = "";
				INFOPLIST_KEY_UISupportedInterfaceOrientations_iPad = "UIInterfaceOrientationPortrait UIInterfaceOrientationPortraitUpsideDown UIInterfaceOrientationLandscapeLeft UIInterfaceOrientationLandscapeRight";
				INFOPLIST_KEY_UISupportedInterfaceOrientations_iPhone = "UIInterfaceOrientationPortrait UIInterfaceOrientationLandscapeLeft UIInterfaceOrientationLandscapeRight";
				LD_RUNPATH_SEARCH_PATHS = (
					"$(inherited)",
					"@executable_path/Frameworks",
				);
				MARKETING_VERSION = 1.0;
				PRODUCT_BUNDLE_IDENTIFIER = hr.fer.kos.barbara.MovieApp;
				PRODUCT_NAME = "$(TARGET_NAME)";
				SWIFT_EMIT_LOC_STRINGS = YES;
				SWIFT_VERSION = 5.0;
				TARGETED_DEVICE_FAMILY = "1,2";
			};
			name = Debug;
		};
		E73C35DB27F49F6700DAB58D /* Release */ = {
			isa = XCBuildConfiguration;
			buildSettings = {
				ASSETCATALOG_COMPILER_APPICON_NAME = AppIcon;
				ASSETCATALOG_COMPILER_GLOBAL_ACCENT_COLOR_NAME = AccentColor;
				CODE_SIGN_STYLE = Automatic;
				CURRENT_PROJECT_VERSION = 1;
				GENERATE_INFOPLIST_FILE = YES;
				INFOPLIST_FILE = MovieApp/Info.plist;
				INFOPLIST_KEY_UIApplicationSupportsIndirectInputEvents = YES;
				INFOPLIST_KEY_UILaunchStoryboardName = LaunchScreen;
				INFOPLIST_KEY_UISupportedInterfaceOrientations = "";
				INFOPLIST_KEY_UISupportedInterfaceOrientations_iPad = "UIInterfaceOrientationPortrait UIInterfaceOrientationPortraitUpsideDown UIInterfaceOrientationLandscapeLeft UIInterfaceOrientationLandscapeRight";
				INFOPLIST_KEY_UISupportedInterfaceOrientations_iPhone = "UIInterfaceOrientationPortrait UIInterfaceOrientationLandscapeLeft UIInterfaceOrientationLandscapeRight";
				LD_RUNPATH_SEARCH_PATHS = (
					"$(inherited)",
					"@executable_path/Frameworks",
				);
				MARKETING_VERSION = 1.0;
				PRODUCT_BUNDLE_IDENTIFIER = hr.fer.kos.barbara.MovieApp;
				PRODUCT_NAME = "$(TARGET_NAME)";
				SWIFT_EMIT_LOC_STRINGS = YES;
				SWIFT_VERSION = 5.0;
				TARGETED_DEVICE_FAMILY = "1,2";
			};
			name = Release;
		};
/* End XCBuildConfiguration section */

/* Begin XCConfigurationList section */
		E73C35C027F49F6400DAB58D /* Build configuration list for PBXProject "MovieApp" */ = {
			isa = XCConfigurationList;
			buildConfigurations = (
				E73C35D727F49F6700DAB58D /* Debug */,
				E73C35D827F49F6700DAB58D /* Release */,
			);
			defaultConfigurationIsVisible = 0;
			defaultConfigurationName = Release;
		};
		E73C35D927F49F6700DAB58D /* Build configuration list for PBXNativeTarget "MovieApp" */ = {
			isa = XCConfigurationList;
			buildConfigurations = (
				E73C35DA27F49F6700DAB58D /* Debug */,
				E73C35DB27F49F6700DAB58D /* Release */,
			);
			defaultConfigurationIsVisible = 0;
			defaultConfigurationName = Release;
		};
/* End XCConfigurationList section */

/* Begin XCRemoteSwiftPackageReference section */
		E710FDD427F64F650094F1CA /* XCRemoteSwiftPackageReference "MovieAppData" */ = {
			isa = XCRemoteSwiftPackageReference;
			repositoryURL = "https://github.com/fiveagency/MovieAppData.git";
			requirement = {
				kind = upToNextMajorVersion;
				minimumVersion = 1.0.0;
			};
		};
		E73C35E227F4B86F00DAB58D /* XCRemoteSwiftPackageReference "SnapKit" */ = {
			isa = XCRemoteSwiftPackageReference;
			repositoryURL = "https://github.com/SnapKit/SnapKit.git";
			requirement = {
				kind = upToNextMajorVersion;
				minimumVersion = 5.0.0;
			};
		};
/* End XCRemoteSwiftPackageReference section */

/* Begin XCSwiftPackageProductDependency section */
		E710FDD527F64F650094F1CA /* MovieAppData */ = {
			isa = XCSwiftPackageProductDependency;
			package = E710FDD427F64F650094F1CA /* XCRemoteSwiftPackageReference "MovieAppData" */;
			productName = MovieAppData;
		};
		E73C35E327F4B86F00DAB58D /* SnapKit */ = {
			isa = XCSwiftPackageProductDependency;
			package = E73C35E227F4B86F00DAB58D /* XCRemoteSwiftPackageReference "SnapKit" */;
			productName = SnapKit;
		};
/* End XCSwiftPackageProductDependency section */

/* Begin XCVersionGroup section */
		E73091D9284255ED0083C455 /* MovieApp.xcdatamodeld */ = {
			isa = XCVersionGroup;
			children = (
				E73091DA284255ED0083C455 /* MovieApp.xcdatamodel */,
			);
			currentVersion = E73091DA284255ED0083C455 /* MovieApp.xcdatamodel */;
			path = MovieApp.xcdatamodeld;
			sourceTree = "<group>";
			versionGroupType = wrapper.xcdatamodel;
		};
/* End XCVersionGroup section */
	};
	rootObject = E73C35BD27F49F6400DAB58D /* Project object */;
}
